
Microsoft Visual Studio Solution File, Format Version 12.00
# Visual Studio Version 16
VisualStudioVersion = 16.0.30611.23
MinimumVisualStudioVersion = 10.0.40219.1
Project("{FAE04EC0-301F-11D3-BF4B-00C04F79EFBC}") = "lab 2", "lab 2\lab 2.csproj", "{6B0D4360-6772-43CA-A26A-C071B38406D1}"
EndProject
Global
	GlobalSection(SolutionConfigurationPlatforms) = preSolution
		Debug|Any CPU = Debug|Any CPU
		Release|Any CPU = Release|Any CPU
	EndGlobalSection
	GlobalSection(ProjectConfigurationPlatforms) = postSolution
		{6B0D4360-6772-43CA-A26A-C071B38406D1}.Debug|Any CPU.ActiveCfg = Debug|Any CPU
		{6B0D4360-6772-43CA-A26A-C071B38406D1}.Debug|Any CPU.Build.0 = Debug|Any CPU
		{6B0D4360-6772-43CA-A26A-C071B38406D1}.Release|Any CPU.ActiveCfg = Release|Any CPU
		{6B0D4360-6772-43CA-A26A-C071B38406D1}.Release|Any CPU.Build.0 = Release|Any CPU
	EndGlobalSection
	GlobalSection(SolutionProperties) = preSolution
		HideSolutionNode = FALSE
	EndGlobalSection
	GlobalSection(ExtensibilityGlobals) = postSolution
		SolutionGuid = {45793BDE-AAE1-4F7A-B1AE-5CE5F2E50932}
	EndGlobalSection
EndGlobal
